
Microsoft Visual Studio Solution File, Format Version 12.00
Project("{2150E333-8FDC-42A3-9474-1A3956D46DE8}") = "src", "src", "{B47408C7-8BA6-4A8B-BAF8-CA8DDAD1F502}"
EndProject
Project("{2150E333-8FDC-42A3-9474-1A3956D46DE8}") = "tests", "tests", "{DAAC1C6E-FD55-4CD6-B22B-4E3A59DFDF16}"
EndProject
Project("{FAE04EC0-301F-11D3-BF4B-00C04F79EFBC}") = "Benchmarks", "Benchmarks\Benchmarks.csproj", "{7FC88625-D467-42AE-AFFF-41C8DDCA5605}"
EndProject
Project("{2150E333-8FDC-42A3-9474-1A3956D46DE8}") = "benchmark", "benchmark", "{1AC7E2BA-16C2-45AB-BA9B-51E016E9EC6A}"
EndProject
Project("{FAE04EC0-301F-11D3-BF4B-00C04F79EFBC}") = "HyperEnumGenerator", "src\HyperEnumGenerator\HyperEnumGenerator.csproj", "{B51411D5-8B7B-4C15-982C-544110257B8F}"
EndProject
Project("{FAE04EC0-301F-11D3-BF4B-00C04F79EFBC}") = "HyperEnum", "src\HyperEnum\HyperEnum.csproj", "{8E7ECEF0-5FD2-444C-8669-4FDA07A6CD38}"
EndProject
Project("{FAE04EC0-301F-11D3-BF4B-00C04F79EFBC}") = "HyperEnumTests", "tests\HyperEnumTests\HyperEnumTests.csproj", "{EE94C31D-6F56-44A1-A926-AE9BE8143EAB}"
EndProject
Global
	GlobalSection(SolutionConfigurationPlatforms) = preSolution
		Debug|Any CPU = Debug|Any CPU
		Release|Any CPU = Release|Any CPU
	EndGlobalSection
	GlobalSection(ProjectConfigurationPlatforms) = postSolution
		{7FC88625-D467-42AE-AFFF-41C8DDCA5605}.Debug|Any CPU.ActiveCfg = Debug|Any CPU
		{7FC88625-D467-42AE-AFFF-41C8DDCA5605}.Debug|Any CPU.Build.0 = Debug|Any CPU
		{7FC88625-D467-42AE-AFFF-41C8DDCA5605}.Release|Any CPU.ActiveCfg = Release|Any CPU
		{7FC88625-D467-42AE-AFFF-41C8DDCA5605}.Release|Any CPU.Build.0 = Release|Any CPU
		{B51411D5-8B7B-4C15-982C-544110257B8F}.Debug|Any CPU.ActiveCfg = Debug|Any CPU
		{B51411D5-8B7B-4C15-982C-544110257B8F}.Debug|Any CPU.Build.0 = Debug|Any CPU
		{B51411D5-8B7B-4C15-982C-544110257B8F}.Release|Any CPU.ActiveCfg = Release|Any CPU
		{B51411D5-8B7B-4C15-982C-544110257B8F}.Release|Any CPU.Build.0 = Release|Any CPU
		{8E7ECEF0-5FD2-444C-8669-4FDA07A6CD38}.Debug|Any CPU.ActiveCfg = Debug|Any CPU
		{8E7ECEF0-5FD2-444C-8669-4FDA07A6CD38}.Debug|Any CPU.Build.0 = Debug|Any CPU
		{8E7ECEF0-5FD2-444C-8669-4FDA07A6CD38}.Release|Any CPU.ActiveCfg = Release|Any CPU
		{8E7ECEF0-5FD2-444C-8669-4FDA07A6CD38}.Release|Any CPU.Build.0 = Release|Any CPU
		{EE94C31D-6F56-44A1-A926-AE9BE8143EAB}.Debug|Any CPU.ActiveCfg = Debug|Any CPU
		{EE94C31D-6F56-44A1-A926-AE9BE8143EAB}.Debug|Any CPU.Build.0 = Debug|Any CPU
		{EE94C31D-6F56-44A1-A926-AE9BE8143EAB}.Release|Any CPU.ActiveCfg = Release|Any CPU
		{EE94C31D-6F56-44A1-A926-AE9BE8143EAB}.Release|Any CPU.Build.0 = Release|Any CPU
	EndGlobalSection
	GlobalSection(NestedProjects) = preSolution
		{7FC88625-D467-42AE-AFFF-41C8DDCA5605} = {1AC7E2BA-16C2-45AB-BA9B-51E016E9EC6A}
		{B51411D5-8B7B-4C15-982C-544110257B8F} = {B47408C7-8BA6-4A8B-BAF8-CA8DDAD1F502}
		{8E7ECEF0-5FD2-444C-8669-4FDA07A6CD38} = {B47408C7-8BA6-4A8B-BAF8-CA8DDAD1F502}
		{EE94C31D-6F56-44A1-A926-AE9BE8143EAB} = {DAAC1C6E-FD55-4CD6-B22B-4E3A59DFDF16}
	EndGlobalSection
EndGlobal
